PackratFormat: 1.4
PackratVersion: 0.4.1.1
RVersion: 3.1.2
Repos: CRAN=http://cran.rstudio.com,
    CRANextra=http://www.stats.ox.ac.uk/pub/RWin,
    BioCsoft=http://bioconductor.org/packages/2.14/bioc,
    BioCann=http://bioconductor.org/packages/2.14/data/annotation,
    BioCexp=http://bioconductor.org/packages/2.14/data/experiment,
    BioCextra=http://bioconductor.org/packages/2.14/extra

Package: BradleyTerry2
Source: CRAN
Version: 1.0-5
Requires: gtools, brglm, lme4

Package: brglm
Source: CRAN
Version: 0.5-9
Requires: profileModel

Package: car
Source: CRAN
Version: 2.0-21

Package: caret
Source: CRAN
Version: 6.0-35
Requires: car, foreach, plyr, reshape2, ggplot2, BradleyTerry2

Package: colorspace
Source: CRAN
Version: 1.2-4

Package: corrplot
Source: CRAN
Version: 0.73

Package: dichromat
Source: CRAN
Version: 2.0-0

Package: digest
Source: CRAN
Version: 0.6.4

Package: doSNOW
Source: CRAN
Version: 1.0.12
Requires: foreach, iterators, snow
Hash: a565bb820a2f3adcb617f45f938489ed

Package: foreach
Source: CRAN
Version: 1.4.2
Requires: iterators

Package: ggplot2
Source: CRAN
Version: 1.0.0
Requires: digest, gtable, proto, plyr, reshape2, scales

Package: gtable
Source: CRAN
Version: 0.1.2

Package: gtools
Source: CRAN
Version: 3.4.1

Package: iterators
Source: CRAN
Version: 1.0.7

Package: labeling
Source: CRAN
Version: 0.3

Package: lme4
Source: CRAN
Version: 1.1-7
Requires: nloptr, Rcpp, minqa, RcppEigen

Package: minqa
Source: CRAN
Version: 1.2.4
Requires: Rcpp

Package: munsell
Source: CRAN
Version: 0.4.2
Requires: colorspace

Package: nloptr
Source: CRAN
Version: 1.0.4

Package: packrat
Source: CRAN
Version: 0.4.1-1
Hash: 5716097644904b9c1b4be2692de16005

Package: plyr
Source: CRAN
Version: 1.8.1
Requires: Rcpp

Package: profileModel
Source: CRAN
Version: 0.5-9

Package: proto
Source: CRAN
Version: 0.3-10

Package: RColorBrewer
Source: CRAN
Version: 1.0-5

Package: Rcpp
Source: CRAN
Version: 0.11.3

Package: RcppEigen
Source: CRAN
Version: 0.3.2.2.0
Requires: Rcpp

Package: reshape2
Source: CRAN
Version: 1.4
Requires: Rcpp, stringr, plyr

Package: scales
Source: CRAN
Version: 0.2.4
Requires: dichromat, labeling, RColorBrewer, munsell, plyr

Package: snow
Source: CRAN
Version: 0.3-13
Hash: 16dca684ceb4baa0f96c1ca1b3314497

Package: stringr
Source: CRAN
Version: 0.6.2
